
Microsoft Visual Studio Solution File, Format Version 12.00
# Visual Studio 15
VisualStudioVersion = 15.0.28307.1022
MinimumVisualStudioVersion = 10.0.40219.1
Project("{FAE04EC0-301F-11D3-BF4B-00C04F79EFBC}") = "ERHMS.Desktop", "ERHMS.Desktop\ERHMS.Desktop.csproj", "{F0080890-84E8-48F2-8B0E-2CECE4706CB2}"
	ProjectSection(ProjectDependencies) = postProject
		{740D7AFA-023C-406F-AC03-4986A0F81AFA} = {740D7AFA-023C-406F-AC03-4986A0F81AFA}
		{DD348D56-5AD0-4D2D-AF7A-2BFFD797F146} = {DD348D56-5AD0-4D2D-AF7A-2BFFD797F146}
	EndProjectSection
EndProject
Project("{FAE04EC0-301F-11D3-BF4B-00C04F79EFBC}") = "ERHMS.Common", "ERHMS.Common\ERHMS.Common.csproj", "{16C636F8-A356-4E9E-9D60-4F825ED830A0}"
EndProject
Project("{FAE04EC0-301F-11D3-BF4B-00C04F79EFBC}") = "ERHMS.Console", "ERHMS.Console\ERHMS.Console.csproj", "{740D7AFA-023C-406F-AC03-4986A0F81AFA}"
EndProject
Project("{FAE04EC0-301F-11D3-BF4B-00C04F79EFBC}") = "ERHMS.Data", "ERHMS.Data\ERHMS.Data.csproj", "{CCEBB7B1-4468-4B27-958E-79E86373A398}"
EndProject
Project("{FAE04EC0-301F-11D3-BF4B-00C04F79EFBC}") = "ERHMS.Domain", "ERHMS.Domain\ERHMS.Domain.csproj", "{181048FB-DAE4-4875-9A58-461F81C4131A}"
EndProject
Project("{FAE04EC0-301F-11D3-BF4B-00C04F79EFBC}") = "ERHMS.EpiInfo", "ERHMS.EpiInfo\ERHMS.EpiInfo.csproj", "{7A651824-B969-478F-9609-C4D2CBDDACE2}"
EndProject
Project("{FAE04EC0-301F-11D3-BF4B-00C04F79EFBC}") = "ERHMS.Launcher", "ERHMS.Launcher\ERHMS.Launcher.csproj", "{DD348D56-5AD0-4D2D-AF7A-2BFFD797F146}"
EndProject
Project("{2150E333-8FDC-42A3-9474-1A3956D46DE8}") = "Solution Items", "Solution Items", "{2034365A-DF2B-460B-8C13-2ED6BCB867E1}"
	ProjectSection(SolutionItems) = preProject
		Directory.Build.props = Directory.Build.props
		Directory.Build.targets = Directory.Build.targets
		LICENSE.txt = LICENSE.txt
		SolutionInfo.cs = SolutionInfo.cs
	EndProjectSection
EndProject
Global
	GlobalSection(SolutionConfigurationPlatforms) = preSolution
		Debug|x86 = Debug|x86
		Release|x86 = Release|x86
	EndGlobalSection
	GlobalSection(ProjectConfigurationPlatforms) = postSolution
		{F0080890-84E8-48F2-8B0E-2CECE4706CB2}.Debug|x86.ActiveCfg = Debug|x86
		{F0080890-84E8-48F2-8B0E-2CECE4706CB2}.Debug|x86.Build.0 = Debug|x86
		{F0080890-84E8-48F2-8B0E-2CECE4706CB2}.Release|x86.ActiveCfg = Release|x86
		{F0080890-84E8-48F2-8B0E-2CECE4706CB2}.Release|x86.Build.0 = Release|x86
		{16C636F8-A356-4E9E-9D60-4F825ED830A0}.Debug|x86.ActiveCfg = Debug|x86
		{16C636F8-A356-4E9E-9D60-4F825ED830A0}.Debug|x86.Build.0 = Debug|x86
		{16C636F8-A356-4E9E-9D60-4F825ED830A0}.Release|x86.ActiveCfg = Release|x86
		{16C636F8-A356-4E9E-9D60-4F825ED830A0}.Release|x86.Build.0 = Release|x86
		{740D7AFA-023C-406F-AC03-4986A0F81AFA}.Debug|x86.ActiveCfg = Debug|x86
		{740D7AFA-023C-406F-AC03-4986A0F81AFA}.Debug|x86.Build.0 = Debug|x86
		{740D7AFA-023C-406F-AC03-4986A0F81AFA}.Release|x86.ActiveCfg = Release|x86
		{740D7AFA-023C-406F-AC03-4986A0F81AFA}.Release|x86.Build.0 = Release|x86
		{CCEBB7B1-4468-4B27-958E-79E86373A398}.Debug|x86.ActiveCfg = Debug|x86
		{CCEBB7B1-4468-4B27-958E-79E86373A398}.Debug|x86.Build.0 = Debug|x86
		{CCEBB7B1-4468-4B27-958E-79E86373A398}.Release|x86.ActiveCfg = Release|x86
		{CCEBB7B1-4468-4B27-958E-79E86373A398}.Release|x86.Build.0 = Release|x86
		{181048FB-DAE4-4875-9A58-461F81C4131A}.Debug|x86.ActiveCfg = Debug|x86
		{181048FB-DAE4-4875-9A58-461F81C4131A}.Debug|x86.Build.0 = Debug|x86
		{181048FB-DAE4-4875-9A58-461F81C4131A}.Release|x86.ActiveCfg = Release|x86
		{181048FB-DAE4-4875-9A58-461F81C4131A}.Release|x86.Build.0 = Release|x86
		{7A651824-B969-478F-9609-C4D2CBDDACE2}.Debug|x86.ActiveCfg = Debug|x86
		{7A651824-B969-478F-9609-C4D2CBDDACE2}.Debug|x86.Build.0 = Debug|x86
		{7A651824-B969-478F-9609-C4D2CBDDACE2}.Release|x86.ActiveCfg = Release|x86
		{7A651824-B969-478F-9609-C4D2CBDDACE2}.Release|x86.Build.0 = Release|x86
		{DD348D56-5AD0-4D2D-AF7A-2BFFD797F146}.Debug|x86.ActiveCfg = Debug|x86
		{DD348D56-5AD0-4D2D-AF7A-2BFFD797F146}.Debug|x86.Build.0 = Debug|x86
		{DD348D56-5AD0-4D2D-AF7A-2BFFD797F146}.Release|x86.ActiveCfg = Release|x86
		{DD348D56-5AD0-4D2D-AF7A-2BFFD797F146}.Release|x86.Build.0 = Release|x86
	EndGlobalSection
	GlobalSection(SolutionProperties) = preSolution
		HideSolutionNode = FALSE
	EndGlobalSection
	GlobalSection(ExtensibilityGlobals) = postSolution
		SolutionGuid = {2E9D27C1-DC36-4760-A748-F88FC0535451}
	EndGlobalSection
EndGlobal
